// !$*UTF8*$!
{
	archiveVersion = 1;
	classes = {
	};
	objectVersion = 50;
	objects = {

/* Begin PBXBuildFile section */
		7C9D058A2369D39C00E6FA2F /* AppDelegate.swift in Sources */ = {isa = PBXBuildFile; fileRef = 7C9D05892369D39C00E6FA2F /* AppDelegate.swift */; };
		7C9D058C2369D39C00E6FA2F /* SceneDelegate.swift in Sources */ = {isa = PBXBuildFile; fileRef = 7C9D058B2369D39C00E6FA2F /* SceneDelegate.swift */; };
		7C9D05932369D39D00E6FA2F /* Assets.xcassets in Resources */ = {isa = PBXBuildFile; fileRef = 7C9D05922369D39D00E6FA2F /* Assets.xcassets */; };
		7C9D05962369D39D00E6FA2F /* LaunchScreen.storyboard in Resources */ = {isa = PBXBuildFile; fileRef = 7C9D05942369D39D00E6FA2F /* LaunchScreen.storyboard */; };
		7C9D05A22369D3B700E6FA2F /* ViewController.swift in Sources */ = {isa = PBXBuildFile; fileRef = 7C9D05A12369D3B700E6FA2F /* ViewController.swift */; };
		7C9D05A42369D3BF00E6FA2F /* Main.storyboard in Resources */ = {isa = PBXBuildFile; fileRef = 7C9D05A32369D3BF00E6FA2F /* Main.storyboard */; };
		8A6A975123A2837B008EFE56 /* PostTableViewCell.swift in Sources */ = {isa = PBXBuildFile; fileRef = 8A6A975023A2837B008EFE56 /* PostTableViewCell.swift */; };
		8A6A975323A28618008EFE56 /* PostCollectionViewCell.swift in Sources */ = {isa = PBXBuildFile; fileRef = 8A6A975223A28618008EFE56 /* PostCollectionViewCell.swift */; };
		8AD6B02623A15E5500C43130 /* User.swift in Sources */ = {isa = PBXBuildFile; fileRef = 8AD6B02523A15E5500C43130 /* User.swift */; };
		8AD6B02823A15EDA00C43130 /* Post.swift in Sources */ = {isa = PBXBuildFile; fileRef = 8AD6B02723A15EDA00C43130 /* Post.swift */; };
		8AD6B02D23A160AA00C43130 /* DataManagerProtocol.swift in Sources */ = {isa = PBXBuildFile; fileRef = 8AD6B02C23A160AA00C43130 /* DataManagerProtocol.swift */; };
		8AD6B02F23A166D700C43130 /* DataManager.swift in Sources */ = {isa = PBXBuildFile; fileRef = 8AD6B02E23A166D700C43130 /* DataManager.swift */; };
		8AD6B03223A16CE000C43130 /* DeletePostDelegate.swift in Sources */ = {isa = PBXBuildFile; fileRef = 8AD6B03123A16CE000C43130 /* DeletePostDelegate.swift */; };
		8AD6B03423A17A3D00C43130 /* PostsViewController.swift in Sources */ = {isa = PBXBuildFile; fileRef = 8AD6B03323A17A3D00C43130 /* PostsViewController.swift */; };
/* End PBXBuildFile section */

/* Begin PBXFileReference section */
		7C9D05862369D39C00E6FA2F /* Threads.app */ = {isa = PBXFileReference; explicitFileType = wrapper.application; includeInIndex = 0; path = Threads.app; sourceTree = BUILT_PRODUCTS_DIR; };
		7C9D05892369D39C00E6FA2F /* AppDelegate.swift */ = {isa = PBXFileReference; lastKnownFileType = sourcecode.swift; path = AppDelegate.swift; sourceTree = "<group>"; };
		7C9D058B2369D39C00E6FA2F /* SceneDelegate.swift */ = {isa = PBXFileReference; lastKnownFileType = sourcecode.swift; path = SceneDelegate.swift; sourceTree = "<group>"; };
		7C9D05922369D39D00E6FA2F /* Assets.xcassets */ = {isa = PBXFileReference; lastKnownFileType = folder.assetcatalog; path = Assets.xcassets; sourceTree = "<group>"; };
		7C9D05952369D39D00E6FA2F /* Base */ = {isa = PBXFileReference; lastKnownFileType = file.storyboard; name = Base; path = Base.lproj/LaunchScreen.storyboard; sourceTree = "<group>"; };
		7C9D05972369D39D00E6FA2F /* Info.plist */ = {isa = PBXFileReference; lastKnownFileType = text.plist.xml; path = Info.plist; sourceTree = "<group>"; };
		7C9D05A12369D3B700E6FA2F /* ViewController.swift */ = {isa = PBXFileReference; fileEncoding = 4; lastKnownFileType = sourcecode.swift; path = ViewController.swift; sourceTree = "<group>"; };
		7C9D05A32369D3BF00E6FA2F /* Main.storyboard */ = {isa = PBXFileReference; fileEncoding = 4; lastKnownFileType = file.storyboard; path = Main.storyboard; sourceTree = "<group>"; };
		8A6A975023A2837B008EFE56 /* PostTableViewCell.swift */ = {isa = PBXFileReference; lastKnownFileType = sourcecode.swift; path = PostTableViewCell.swift; sourceTree = "<group>"; };
		8A6A975223A28618008EFE56 /* PostCollectionViewCell.swift */ = {isa = PBXFileReference; lastKnownFileType = sourcecode.swift; path = PostCollectionViewCell.swift; sourceTree = "<group>"; };
		8AD6B02523A15E5500C43130 /* User.swift */ = {isa = PBXFileReference; lastKnownFileType = sourcecode.swift; path = User.swift; sourceTree = "<group>"; };
		8AD6B02723A15EDA00C43130 /* Post.swift */ = {isa = PBXFileReference; lastKnownFileType = sourcecode.swift; path = Post.swift; sourceTree = "<group>"; };
		8AD6B02C23A160AA00C43130 /* DataManagerProtocol.swift */ = {isa = PBXFileReference; lastKnownFileType = sourcecode.swift; path = DataManagerProtocol.swift; sourceTree = "<group>"; };
		8AD6B02E23A166D700C43130 /* DataManager.swift */ = {isa = PBXFileReference; lastKnownFileType = sourcecode.swift; path = DataManager.swift; sourceTree = "<group>"; };
		8AD6B03123A16CE000C43130 /* DeletePostDelegate.swift */ = {isa = PBXFileReference; lastKnownFileType = sourcecode.swift; path = DeletePostDelegate.swift; sourceTree = "<group>"; };
		8AD6B03323A17A3D00C43130 /* PostsViewController.swift */ = {isa = PBXFileReference; lastKnownFileType = sourcecode.swift; path = PostsViewController.swift; sourceTree = "<group>"; };
/* End PBXFileReference section */

/* Begin PBXFrameworksBuildPhase section */
		7C9D05832369D39C00E6FA2F /* Frameworks */ = {
			isa = PBXFrameworksBuildPhase;
			buildActionMask = 2147483647;
			files = (
			);
			runOnlyForDeploymentPostprocessing = 0;
		};
/* End PBXFrameworksBuildPhase section */

/* Begin PBXGroup section */
		7C9D057D2369D39C00E6FA2F = {
			isa = PBXGroup;
			children = (
				7C9D05882369D39C00E6FA2F /* Threads */,
				7C9D05872369D39C00E6FA2F /* Products */,
			);
			sourceTree = "<group>";
		};
		7C9D05872369D39C00E6FA2F /* Products */ = {
			isa = PBXGroup;
			children = (
				7C9D05862369D39C00E6FA2F /* Threads.app */,
			);
			name = Products;
			sourceTree = "<group>";
		};
		7C9D05882369D39C00E6FA2F /* Threads */ = {
			isa = PBXGroup;
			children = (
				8AD6B03023A16CCA00C43130 /* helpers */,
				8AD6B02423A15E1C00C43130 /* controllers */,
				8AD6B02323A15E1700C43130 /* views */,
				8AD6B02223A15E0E00C43130 /* models */,
				7C9D05892369D39C00E6FA2F /* AppDelegate.swift */,
				7C9D058B2369D39C00E6FA2F /* SceneDelegate.swift */,
				7C9D05922369D39D00E6FA2F /* Assets.xcassets */,
				7C9D05942369D39D00E6FA2F /* LaunchScreen.storyboard */,
				7C9D05972369D39D00E6FA2F /* Info.plist */,
			);
			path = Threads;
			sourceTree = "<group>";
		};
		8AD6B02223A15E0E00C43130 /* models */ = {
			isa = PBXGroup;
			children = (
				8AD6B02523A15E5500C43130 /* User.swift */,
				8AD6B02723A15EDA00C43130 /* Post.swift */,
				8AD6B02C23A160AA00C43130 /* DataManagerProtocol.swift */,
				8AD6B02E23A166D700C43130 /* DataManager.swift */,
			);
			path = models;
			sourceTree = "<group>";
		};
		8AD6B02323A15E1700C43130 /* views */ = {
			isa = PBXGroup;
			children = (
				7C9D05A32369D3BF00E6FA2F /* Main.storyboard */,
				8A6A975023A2837B008EFE56 /* PostTableViewCell.swift */,
				8A6A975223A28618008EFE56 /* PostCollectionViewCell.swift */,
			);
			path = views;
			sourceTree = "<group>";
		};
		8AD6B02423A15E1C00C43130 /* controllers */ = {
			isa = PBXGroup;
			children = (
				7C9D05A12369D3B700E6FA2F /* ViewController.swift */,
				8AD6B03323A17A3D00C43130 /* PostsViewController.swift */,
			);
			path = controllers;
			sourceTree = "<group>";
		};
		8AD6B03023A16CCA00C43130 /* helpers */ = {
			isa = PBXGroup;
			children = (
				8AD6B03123A16CE000C43130 /* DeletePostDelegate.swift */,
			);
			path = helpers;
			sourceTree = "<group>";
		};
/* End PBXGroup section */

/* Begin PBXNativeTarget section */
		7C9D05852369D39C00E6FA2F /* Threads */ = {
			isa = PBXNativeTarget;
			buildConfigurationList = 7C9D059A2369D39D00E6FA2F /* Build configuration list for PBXNativeTarget "Threads" */;
			buildPhases = (
				7C9D05822369D39C00E6FA2F /* Sources */,
				7C9D05832369D39C00E6FA2F /* Frameworks */,
				7C9D05842369D39C00E6FA2F /* Resources */,
			);
			buildRules = (
			);
			dependencies = (
			);
			name = Threads;
			productName = Threads;
			productReference = 7C9D05862369D39C00E6FA2F /* Threads.app */;
			productType = "com.apple.product-type.application";
		};
/* End PBXNativeTarget section */

/* Begin PBXProject section */
		7C9D057E2369D39C00E6FA2F /* Project object */ = {
			isa = PBXProject;
			attributes = {
				LastSwiftUpdateCheck = 1110;
				LastUpgradeCheck = 1110;
				ORGANIZATIONNAME = "Ildar Zalyalov";
				TargetAttributes = {
					7C9D05852369D39C00E6FA2F = {
						CreatedOnToolsVersion = 11.1;
					};
				};
			};
			buildConfigurationList = 7C9D05812369D39C00E6FA2F /* Build configuration list for PBXProject "Threads" */;
			compatibilityVersion = "Xcode 9.3";
			developmentRegion = en;
			hasScannedForEncodings = 0;
			knownRegions = (
				en,
				Base,
			);
			mainGroup = 7C9D057D2369D39C00E6FA2F;
			productRefGroup = 7C9D05872369D39C00E6FA2F /* Products */;
			projectDirPath = "";
			projectRoot = "";
			targets = (
				7C9D05852369D39C00E6FA2F /* Threads */,
			);
		};
/* End PBXProject section */

/* Begin PBXResourcesBuildPhase section */
		7C9D05842369D39C00E6FA2F /* Resources */ = {
			isa = PBXResourcesBuildPhase;
			buildActionMask = 2147483647;
			files = (
				7C9D05A42369D3BF00E6FA2F /* Main.storyboard in Resources */,
				7C9D05962369D39D00E6FA2F /* LaunchScreen.storyboard in Resources */,
				7C9D05932369D39D00E6FA2F /* Assets.xcassets in Resources */,
			);
			runOnlyForDeploymentPostprocessing = 0;
		};
/* End PBXResourcesBuildPhase section */

/* Begin PBXSourcesBuildPhase section */
		7C9D05822369D39C00E6FA2F /* Sources */ = {
			isa = PBXSourcesBuildPhase;
			buildActionMask = 2147483647;
			files = (
				8AD6B02623A15E5500C43130 /* User.swift in Sources */,
				7C9D05A22369D3B700E6FA2F /* ViewController.swift in Sources */,
				7C9D058A2369D39C00E6FA2F /* AppDelegate.swift in Sources */,
				8AD6B03423A17A3D00C43130 /* PostsViewController.swift in Sources */,
				8AD6B02F23A166D700C43130 /* DataManager.swift in Sources */,
				7C9D058C2369D39C00E6FA2F /* SceneDelegate.swift in Sources */,
				8AD6B02823A15EDA00C43130 /* Post.swift in Sources */,
				8A6A975123A2837B008EFE56 /* PostTableViewCell.swift in Sources */,
				8A6A975323A28618008EFE56 /* PostCollectionViewCell.swift in Sources */,
				8AD6B02D23A160AA00C43130 /* DataManagerProtocol.swift in Sources */,
				8AD6B03223A16CE000C43130 /* DeletePostDelegate.swift in Sources */,
			);
			runOnlyForDeploymentPostprocessing = 0;
		};
/* End PBXSourcesBuildPhase section */

/* Begin PBXVariantGroup section */
		7C9D05942369D39D00E6FA2F /* LaunchScreen.storyboard */ = {
			isa = PBXVariantGroup;
			children = (
				7C9D05952369D39D00E6FA2F /* Base */,
			);
			name = LaunchScreen.storyboard;
			sourceTree = "<group>";
		};
/* End PBXVariantGroup section */

/* Begin XCBuildConfiguration section */
		7C9D05982369D39D00E6FA2F /* Debug */ = {
			isa = XCBuildConfiguration;
			buildSettings = {
				ALWAYS_SEARCH_USER_PATHS = NO;
				CLANG_ANALYZER_NONNULL = YES;
				CLANG_ANALYZER_NUMBER_OBJECT_CONVERSION = YES_AGGRESSIVE;
				CLANG_CXX_LANGUAGE_STANDARD = "gnu++14";
				CLANG_CXX_LIBRARY = "libc++";
				CLANG_ENABLE_MODULES = YES;
				CLANG_ENABLE_OBJC_ARC = YES;
				CLANG_ENABLE_OBJC_WEAK = YES;
				CLANG_WARN_BLOCK_CAPTURE_AUTORELEASING = YES;
				CLANG_WARN_BOOL_CONVERSION = YES;
				CLANG_WARN_COMMA = YES;
				CLANG_WARN_CONSTANT_CONVERSION = YES;
				CLANG_WARN_DEPRECATED_OBJC_IMPLEMENTATIONS = YES;
				CLANG_WARN_DIRECT_OBJC_ISA_USAGE = YES_ERROR;
				CLANG_WARN_DOCUMENTATION_COMMENTS = YES;
				CLANG_WARN_EMPTY_BODY = YES;
				CLANG_WARN_ENUM_CONVERSION = YES;
				CLANG_WARN_INFINITE_RECURSION = YES;
				CLANG_WARN_INT_CONVERSION = YES;
				CLANG_WARN_NON_LITERAL_NULL_CONVERSION = YES;
				CLANG_WARN_OBJC_IMPLICIT_RETAIN_SELF = YES;
				CLANG_WARN_OBJC_LITERAL_CONVERSION = YES;
				CLANG_WARN_OBJC_ROOT_CLASS = YES_ERROR;
				CLANG_WARN_RANGE_LOOP_ANALYSIS = YES;
				CLANG_WARN_STRICT_PROTOTYPES = YES;
				CLANG_WARN_SUSPICIOUS_MOVE = YES;
				CLANG_WARN_UNGUARDED_AVAILABILITY = YES_AGGRESSIVE;
				CLANG_WARN_UNREACHABLE_CODE = YES;
				CLANG_WARN__DUPLICATE_METHOD_MATCH = YES;
				COPY_PHASE_STRIP = NO;
				DEBUG_INFORMATION_FORMAT = dwarf;
				ENABLE_STRICT_OBJC_MSGSEND = YES;
				ENABLE_TESTABILITY = YES;
				GCC_C_LANGUAGE_STANDARD = gnu11;
				GCC_DYNAMIC_NO_PIC = NO;
				GCC_NO_COMMON_BLOCKS = YES;
				GCC_OPTIMIZATION_LEVEL = 0;
				GCC_PREPROCESSOR_DEFINITIONS = (
					"DEBUG=1",
					"$(inherited)",
				);
				GCC_WARN_64_TO_32_BIT_CONVERSION = YES;
				GCC_WARN_ABOUT_RETURN_TYPE = YES_ERROR;
				GCC_WARN_UNDECLARED_SELECTOR = YES;
				GCC_WARN_UNINITIALIZED_AUTOS = YES_AGGRESSIVE;
				GCC_WARN_UNUSED_FUNCTION = YES;
				GCC_WARN_UNUSED_VARIABLE = YES;
				IPHONEOS_DEPLOYMENT_TARGET = 13.1;
				MTL_ENABLE_DEBUG_INFO = INCLUDE_SOURCE;
				MTL_FAST_MATH = YES;
				ONLY_ACTIVE_ARCH = YES;
				SDKROOT = iphoneos;
				SWIFT_ACTIVE_COMPILATION_CONDITIONS = DEBUG;
				SWIFT_OPTIMIZATION_LEVEL = "-Onone";
			};
			name = Debug;
		};
		7C9D05992369D39D00E6FA2F /* Release */ = {
			isa = XCBuildConfiguration;
			buildSettings = {
				ALWAYS_SEARCH_USER_PATHS = NO;
				CLANG_ANALYZER_NONNULL = YES;
				CLANG_ANALYZER_NUMBER_OBJECT_CONVERSION = YES_AGGRESSIVE;
				CLANG_CXX_LANGUAGE_STANDARD = "gnu++14";
				CLANG_CXX_LIBRARY = "libc++";
				CLANG_ENABLE_MODULES = YES;
				CLANG_ENABLE_OBJC_ARC = YES;
				CLANG_ENABLE_OBJC_WEAK = YES;
				CLANG_WARN_BLOCK_CAPTURE_AUTORELEASING = YES;
				CLANG_WARN_BOOL_CONVERSION = YES;
				CLANG_WARN_COMMA = YES;
				CLANG_WARN_CONSTANT_CONVERSION = YES;
				CLANG_WARN_DEPRECATED_OBJC_IMPLEMENTATIONS = YES;
				CLANG_WARN_DIRECT_OBJC_ISA_USAGE = YES_ERROR;
				CLANG_WARN_DOCUMENTATION_COMMENTS = YES;
				CLANG_WARN_EMPTY_BODY = YES;
				CLANG_WARN_ENUM_CONVERSION = YES;
				CLANG_WARN_INFINITE_RECURSION = YES;
				CLANG_WARN_INT_CONVERSION = YES;
				CLANG_WARN_NON_LITERAL_NULL_CONVERSION = YES;
				CLANG_WARN_OBJC_IMPLICIT_RETAIN_SELF = YES;
				CLANG_WARN_OBJC_LITERAL_CONVERSION = YES;
				CLANG_WARN_OBJC_ROOT_CLASS = YES_ERROR;
				CLANG_WARN_RANGE_LOOP_ANALYSIS = YES;
				CLANG_WARN_STRICT_PROTOTYPES = YES;
				CLANG_WARN_SUSPICIOUS_MOVE = YES;
				CLANG_WARN_UNGUARDED_AVAILABILITY = YES_AGGRESSIVE;
				CLANG_WARN_UNREACHABLE_CODE = YES;
				CLANG_WARN__DUPLICATE_METHOD_MATCH = YES;
				COPY_PHASE_STRIP = NO;
				DEBUG_INFORMATION_FORMAT = "dwarf-with-dsym";
				ENABLE_NS_ASSERTIONS = NO;
				ENABLE_STRICT_OBJC_MSGSEND = YES;
				GCC_C_LANGUAGE_STANDARD = gnu11;
				GCC_NO_COMMON_BLOCKS = YES;
				GCC_WARN_64_TO_32_BIT_CONVERSION = YES;
				GCC_WARN_ABOUT_RETURN_TYPE = YES_ERROR;
				GCC_WARN_UNDECLARED_SELECTOR = YES;
				GCC_WARN_UNINITIALIZED_AUTOS = YES_AGGRESSIVE;
				GCC_WARN_UNUSED_FUNCTION = YES;
				GCC_WARN_UNUSED_VARIABLE = YES;
				IPHONEOS_DEPLOYMENT_TARGET = 13.1;
				MTL_ENABLE_DEBUG_INFO = NO;
				MTL_FAST_MATH = YES;
				SDKROOT = iphoneos;
				SWIFT_COMPILATION_MODE = wholemodule;
				SWIFT_OPTIMIZATION_LEVEL = "-O";
				VALIDATE_PRODUCT = YES;
			};
			name = Release;
		};
		7C9D059B2369D39D00E6FA2F /* Debug */ = {
			isa = XCBuildConfiguration;
			buildSettings = {
				ASSETCATALOG_COMPILER_APPICON_NAME = AppIcon;
				CODE_SIGN_STYLE = Automatic;
				DEVELOPMENT_TEAM = RQLBZ32QXX;
				INFOPLIST_FILE = Threads/Info.plist;
				LD_RUNPATH_SEARCH_PATHS = (
					"$(inherited)",
					"@executable_path/Frameworks",
				);
				PRODUCT_BUNDLE_IDENTIFIER = com..Threads;
				PRODUCT_NAME = "$(TARGET_NAME)";
				SWIFT_VERSION = 5.0;
				TARGETED_DEVICE_FAMILY = "1,2";
			};
			name = Debug;
		};
		7C9D059C2369D39D00E6FA2F /* Release */ = {
			isa = XCBuildConfiguration;
			buildSettings = {
				ASSETCATALOG_COMPILER_APPICON_NAME = AppIcon;
				CODE_SIGN_STYLE = Automatic;
				DEVELOPMENT_TEAM = RQLBZ32QXX;
				INFOPLIST_FILE = Threads/Info.plist;
				LD_RUNPATH_SEARCH_PATHS = (
					"$(inherited)",
					"@executable_path/Frameworks",
				);
				PRODUCT_BUNDLE_IDENTIFIER = com..Threads;
				PRODUCT_NAME = "$(TARGET_NAME)";
				SWIFT_VERSION = 5.0;
				TARGETED_DEVICE_FAMILY = "1,2";
			};
			name = Release;
		};
/* End XCBuildConfiguration section */

/* Begin XCConfigurationList section */
		7C9D05812369D39C00E6FA2F /* Build configuration list for PBXProject "Threads" */ = {
			isa = XCConfigurationList;
			buildConfigurations = (
				7C9D05982369D39D00E6FA2F /* Debug */,
				7C9D05992369D39D00E6FA2F /* Release */,
			);
			defaultConfigurationIsVisible = 0;
			defaultConfigurationName = Release;
		};
		7C9D059A2369D39D00E6FA2F /* Build configuration list for PBXNativeTarget "Threads" */ = {
			isa = XCConfigurationList;
			buildConfigurations = (
				7C9D059B2369D39D00E6FA2F /* Debug */,
				7C9D059C2369D39D00E6FA2F /* Release */,
			);
			defaultConfigurationIsVisible = 0;
			defaultConfigurationName = Release;
		};
/* End XCConfigurationList section */
	};
	rootObject = 7C9D057E2369D39C00E6FA2F /* Project object */;
}
